{
  "lockfileVersion": 1,
  "sources": {
    "https://gitlab-app.eng.qops.net/wesb/agent-skills": {
      "requestedRef": "master",
      "resolvedRef": "34e763904825b7ec7e8bb4051bbbcda36b3b5743",
      "resolvedAt": "2026-09-15T16:58:28.884Z",
      "skills": {
        "collect-platform-context": {
          "integrity": "sha256-17c893ae867432ce6bd4f598959be5f6e890de92fea5b077c6cbb2b207ab9d8b"
        },
        "gl-draft-review": {
          "integrity": "sha256-d0ce728265356c7bde7794a5cb8a5d0dde61891669b04ceab09200d141378bf2"
        },
        "gl-mr-discussion": {
          "integrity": "sha256-ce90f70c7db2d8834a48eb68b571cc5d51eb9fe6e75e648b4a3279f387e00a9f"
        },
        "programming-language-theory": {
          "integrity": "sha256-f7773dc2ef8dc8a79443b09284ef2928c0a297ecea12d48b571e70e58f487c92"
        },
        "rfc-author": {
          "integrity": "sha256-efa99d8b3101b6caae54d4c1eff1c7ed600d625061bdfb7501b015924fee8ad7"
        },
        "rfc-discusser": {
          "integrity": "sha256-34a3c4599ac81101db2f841e4f244705fe1a97a77193b2d3f8e25210a8fd29be"
        }
      }
    }
  }
}
