{
  "lockfileVersion": 1,
  "sources": {
    "https://gitlab-app.eng.qops.net/wesb/agent-skills": {
      "requestedRef": "master",
      "resolvedRef": "2c5688a049e245f0b9c8da19280b296c6a8ca6e3",
      "resolvedAt": "2026-10-02T19:14:44.101Z",
      "skills": {
        "collect-platform-context": {
          "integrity": "sha256-17c893ae867432ce6bd4f598959be5f6e890de92fea5b077c6cbb2b207ab9d8b"
        },
        "gl-draft-review": {
          "integrity": "sha256-b7ec22bf00c4ae3ec75e84e3d72696f6b0a895f5835f64bccfee2a341b58e664"
        },
        "gl-mr-discussion": {
          "integrity": "sha256-7ba132690b3fb62ba3a7403c296aeeb32d5f3cdc46b2a4e12c92b10d258e2341"
        },
        "programming-language-theory": {
          "integrity": "sha256-f7773dc2ef8dc8a79443b09284ef2928c0a297ecea12d48b571e70e58f487c92"
        },
        "read-assay": {
          "integrity": "sha256-dc7e8ec57a5ca26e4fcaa16085705d89827f7e1c7c27f365760b9dfe93db3340"
        },
        "rfc-author": {
          "integrity": "sha256-efa99d8b3101b6caae54d4c1eff1c7ed600d625061bdfb7501b015924fee8ad7"
        },
        "rfc-discusser": {
          "integrity": "sha256-34a3c4599ac81101db2f841e4f244705fe1a97a77193b2d3f8e25210a8fd29be"
        }
      },
      "skillSelection": [
        "*"
      ]
    }
  }
}
